// !$*UTF8*$!
{
	archiveVersion = 1;
	classes = {
	};
	objectVersion = 56;
	objects = {

/* Begin PBXBuildFile section */
		F34746B529FED9D600FC66FD /* UIImage+Extensions.swift in Sources */ = {isa = PBXBuildFile; fileRef = F34746B429FED9D600FC66FD /* UIImage+Extensions.swift */; };
		F34746B629FEDC9D00FC66FD /* ImagesListCell.swift in Sources */ = {isa = PBXBuildFile; fileRef = F375DE0F29FEB38700149A90 /* ImagesListCell.swift */; };
		F375DDDC29FBC1A200149A90 /* AppDelegate.swift in Sources */ = {isa = PBXBuildFile; fileRef = F375DDDB29FBC1A200149A90 /* AppDelegate.swift */; };
		F375DDDE29FBC1A200149A90 /* SceneDelegate.swift in Sources */ = {isa = PBXBuildFile; fileRef = F375DDDD29FBC1A200149A90 /* SceneDelegate.swift */; };
		F375DDE029FBC1A200149A90 /* ImagesListViewController.swift in Sources */ = {isa = PBXBuildFile; fileRef = F375DDDF29FBC1A200149A90 /* ImagesListViewController.swift */; };
		F375DDE329FBC1A200149A90 /* Main.storyboard in Resources */ = {isa = PBXBuildFile; fileRef = F375DDE129FBC1A200149A90 /* Main.storyboard */; };
		F375DDE529FBC1A300149A90 /* Assets.xcassets in Resources */ = {isa = PBXBuildFile; fileRef = F375DDE429FBC1A300149A90 /* Assets.xcassets */; };
		F375DDE829FBC1A300149A90 /* LaunchScreen.storyboard in Resources */ = {isa = PBXBuildFile; fileRef = F375DDE629FBC1A300149A90 /* LaunchScreen.storyboard */; };
		F3A4B1502A124B8900A2D6C2 /* ProfileViewController.swift in Sources */ = {isa = PBXBuildFile; fileRef = F3A4B14F2A124B8900A2D6C2 /* ProfileViewController.swift */; };
		F3A4B1532A125E7B00A2D6C2 /* SingleImageViewController.swift in Sources */ = {isa = PBXBuildFile; fileRef = F3A4B1522A125E7B00A2D6C2 /* SingleImageViewController.swift */; };
		F3A4B1592A13DCA800A2D6C2 /* SF-Pro-Text-Regular.otf in Resources */ = {isa = PBXBuildFile; fileRef = F3A4B1572A13DAF600A2D6C2 /* SF-Pro-Text-Regular.otf */; };
		F3A4B15A2A13DCAA00A2D6C2 /* SF-Pro-Text-Bold.otf in Resources */ = {isa = PBXBuildFile; fileRef = F3A4B1582A13DAFF00A2D6C2 /* SF-Pro-Text-Bold.otf */; };
		F3C396282A1F7C6200D0DD2D /* Constants.swift in Sources */ = {isa = PBXBuildFile; fileRef = F3C396272A1F7C6200D0DD2D /* Constants.swift */; };
		F3C3962B2A1F891100D0DD2D /* AuthViewController.swift in Sources */ = {isa = PBXBuildFile; fileRef = F3C3962A2A1F891100D0DD2D /* AuthViewController.swift */; };
		F3C3962D2A1F8E2000D0DD2D /* WebViewViewController.swift in Sources */ = {isa = PBXBuildFile; fileRef = F3C3962C2A1F8E2000D0DD2D /* WebViewViewController.swift */; };
		F3E28D632A1FB88800E425F4 /* OAuthTokenResponseBody.swift in Sources */ = {isa = PBXBuildFile; fileRef = F3E28D622A1FB88800E425F4 /* OAuthTokenResponseBody.swift */; };
		F3E28D662A1FBAA100E425F4 /* OAuth2Service.swift in Sources */ = {isa = PBXBuildFile; fileRef = F3E28D652A1FBAA100E425F4 /* OAuth2Service.swift */; };
		F3E28D682A1FD9A500E425F4 /* URLRequest+Extensions.swift in Sources */ = {isa = PBXBuildFile; fileRef = F3E28D672A1FD9A500E425F4 /* URLRequest+Extensions.swift */; };
		F3E28D6A2A1FE2FC00E425F4 /* URLSession+Extensions.swift in Sources */ = {isa = PBXBuildFile; fileRef = F3E28D692A1FE2FC00E425F4 /* URLSession+Extensions.swift */; };
		F3E28D6C2A1FEE7900E425F4 /* OAuth2TokenStorage.swift in Sources */ = {isa = PBXBuildFile; fileRef = F3E28D6B2A1FEE7900E425F4 /* OAuth2TokenStorage.swift */; };
		F3E28D6F2A24B8D000E425F4 /* SplashViewController.swift in Sources */ = {isa = PBXBuildFile; fileRef = F3E28D6E2A24B8D000E425F4 /* SplashViewController.swift */; };
		F3E28D732A24D02400E425F4 /* AuthNavigationController.swift in Sources */ = {isa = PBXBuildFile; fileRef = F3E28D722A24D02400E425F4 /* AuthNavigationController.swift */; };
		F3F8731E29FECAB500B57F81 /* UIColor+Extensions.swift in Sources */ = {isa = PBXBuildFile; fileRef = F3F8731D29FECAB500B57F81 /* UIColor+Extensions.swift */; };
/* End PBXBuildFile section */

/* Begin PBXFileReference section */
		F34746B429FED9D600FC66FD /* UIImage+Extensions.swift */ = {isa = PBXFileReference; lastKnownFileType = sourcecode.swift; path = "UIImage+Extensions.swift"; sourceTree = "<group>"; };
		F375DDD829FBC1A200149A90 /* ImageFeed.app */ = {isa = PBXFileReference; explicitFileType = wrapper.application; includeInIndex = 0; path = ImageFeed.app; sourceTree = BUILT_PRODUCTS_DIR; };
		F375DDDB29FBC1A200149A90 /* AppDelegate.swift */ = {isa = PBXFileReference; lastKnownFileType = sourcecode.swift; path = AppDelegate.swift; sourceTree = "<group>"; };
		F375DDDD29FBC1A200149A90 /* SceneDelegate.swift */ = {isa = PBXFileReference; lastKnownFileType = sourcecode.swift; path = SceneDelegate.swift; sourceTree = "<group>"; };
		F375DDDF29FBC1A200149A90 /* ImagesListViewController.swift */ = {isa = PBXFileReference; lastKnownFileType = sourcecode.swift; path = ImagesListViewController.swift; sourceTree = "<group>"; };
		F375DDE229FBC1A200149A90 /* Base */ = {isa = PBXFileReference; lastKnownFileType = file.storyboard; name = Base; path = Base.lproj/Main.storyboard; sourceTree = "<group>"; };
		F375DDE429FBC1A300149A90 /* Assets.xcassets */ = {isa = PBXFileReference; lastKnownFileType = folder.assetcatalog; path = Assets.xcassets; sourceTree = "<group>"; };
		F375DDE729FBC1A300149A90 /* Base */ = {isa = PBXFileReference; lastKnownFileType = file.storyboard; name = Base; path = Base.lproj/LaunchScreen.storyboard; sourceTree = "<group>"; };
		F375DDE929FBC1A300149A90 /* Info.plist */ = {isa = PBXFileReference; lastKnownFileType = text.plist.xml; path = Info.plist; sourceTree = "<group>"; };
		F375DE0F29FEB38700149A90 /* ImagesListCell.swift */ = {isa = PBXFileReference; lastKnownFileType = sourcecode.swift; path = ImagesListCell.swift; sourceTree = "<group>"; };
		F3A4B14F2A124B8900A2D6C2 /* ProfileViewController.swift */ = {isa = PBXFileReference; lastKnownFileType = sourcecode.swift; path = ProfileViewController.swift; sourceTree = "<group>"; };
		F3A4B1522A125E7B00A2D6C2 /* SingleImageViewController.swift */ = {isa = PBXFileReference; lastKnownFileType = sourcecode.swift; path = SingleImageViewController.swift; sourceTree = "<group>"; };
		F3A4B1572A13DAF600A2D6C2 /* SF-Pro-Text-Regular.otf */ = {isa = PBXFileReference; lastKnownFileType = file; path = "SF-Pro-Text-Regular.otf"; sourceTree = "<group>"; };
		F3A4B1582A13DAFF00A2D6C2 /* SF-Pro-Text-Bold.otf */ = {isa = PBXFileReference; lastKnownFileType = file; path = "SF-Pro-Text-Bold.otf"; sourceTree = "<group>"; };
		F3C396272A1F7C6200D0DD2D /* Constants.swift */ = {isa = PBXFileReference; lastKnownFileType = sourcecode.swift; path = Constants.swift; sourceTree = "<group>"; };
		F3C3962A2A1F891100D0DD2D /* AuthViewController.swift */ = {isa = PBXFileReference; lastKnownFileType = sourcecode.swift; path = AuthViewController.swift; sourceTree = "<group>"; };
		F3C3962C2A1F8E2000D0DD2D /* WebViewViewController.swift */ = {isa = PBXFileReference; lastKnownFileType = sourcecode.swift; path = WebViewViewController.swift; sourceTree = "<group>"; };
		F3E28D622A1FB88800E425F4 /* OAuthTokenResponseBody.swift */ = {isa = PBXFileReference; lastKnownFileType = sourcecode.swift; path = OAuthTokenResponseBody.swift; sourceTree = "<group>"; };
		F3E28D652A1FBAA100E425F4 /* OAuth2Service.swift */ = {isa = PBXFileReference; lastKnownFileType = sourcecode.swift; path = OAuth2Service.swift; sourceTree = "<group>"; };
		F3E28D672A1FD9A500E425F4 /* URLRequest+Extensions.swift */ = {isa = PBXFileReference; lastKnownFileType = sourcecode.swift; path = "URLRequest+Extensions.swift"; sourceTree = "<group>"; };
		F3E28D692A1FE2FC00E425F4 /* URLSession+Extensions.swift */ = {isa = PBXFileReference; lastKnownFileType = sourcecode.swift; path = "URLSession+Extensions.swift"; sourceTree = "<group>"; };
		F3E28D6B2A1FEE7900E425F4 /* OAuth2TokenStorage.swift */ = {isa = PBXFileReference; lastKnownFileType = sourcecode.swift; path = OAuth2TokenStorage.swift; sourceTree = "<group>"; };
		F3E28D6E2A24B8D000E425F4 /* SplashViewController.swift */ = {isa = PBXFileReference; lastKnownFileType = sourcecode.swift; path = SplashViewController.swift; sourceTree = "<group>"; };
		F3E28D722A24D02400E425F4 /* AuthNavigationController.swift */ = {isa = PBXFileReference; lastKnownFileType = sourcecode.swift; path = AuthNavigationController.swift; sourceTree = "<group>"; };
		F3F8731D29FECAB500B57F81 /* UIColor+Extensions.swift */ = {isa = PBXFileReference; lastKnownFileType = sourcecode.swift; path = "UIColor+Extensions.swift"; sourceTree = "<group>"; };
/* End PBXFileReference section */

/* Begin PBXFrameworksBuildPhase section */
		F375DDD529FBC1A200149A90 /* Frameworks */ = {
			isa = PBXFrameworksBuildPhase;
			buildActionMask = 2147483647;
			files = (
			);
			runOnlyForDeploymentPostprocessing = 0;
		};
/* End PBXFrameworksBuildPhase section */

/* Begin PBXGroup section */
		F375DDCF29FBC1A200149A90 = {
			isa = PBXGroup;
			children = (
				F375DDDA29FBC1A200149A90 /* ImageFeed */,
				F375DDD929FBC1A200149A90 /* Products */,
			);
			sourceTree = "<group>";
		};
		F375DDD929FBC1A200149A90 /* Products */ = {
			isa = PBXGroup;
			children = (
				F375DDD829FBC1A200149A90 /* ImageFeed.app */,
			);
			name = Products;
			sourceTree = "<group>";
		};
		F375DDDA29FBC1A200149A90 /* ImageFeed */ = {
			isa = PBXGroup;
			children = (
				F3C396292A1F88FE00D0DD2D /* Auth */,
				F3F8731C29FECAA400B57F81 /* Helpers */,
				F375DE1129FEB3B900149A90 /* ImagesList */,
				F3A4B14E2A124B7E00A2D6C2 /* Profile */,
				F3A4B1542A13DA2100A2D6C2 /* Resources */,
				F3A4B1512A125E7100A2D6C2 /* SingleImage */,
				F3E28D6D2A24B8C100E425F4 /* SplashScreen */,
				F375DDDB29FBC1A200149A90 /* AppDelegate.swift */,
				F3C396272A1F7C6200D0DD2D /* Constants.swift */,
				F375DDDD29FBC1A200149A90 /* SceneDelegate.swift */,
				F375DDE629FBC1A300149A90 /* LaunchScreen.storyboard */,
				F375DDE129FBC1A200149A90 /* Main.storyboard */,
				F375DDE929FBC1A300149A90 /* Info.plist */,
			);
			path = ImageFeed;
			sourceTree = "<group>";
		};
		F375DE1129FEB3B900149A90 /* ImagesList */ = {
			isa = PBXGroup;
			children = (
				F375DDDF29FBC1A200149A90 /* ImagesListViewController.swift */,
				F375DE0F29FEB38700149A90 /* ImagesListCell.swift */,
			);
			path = ImagesList;
			sourceTree = "<group>";
		};
		F3A4B14E2A124B7E00A2D6C2 /* Profile */ = {
			isa = PBXGroup;
			children = (
				F3A4B14F2A124B8900A2D6C2 /* ProfileViewController.swift */,
			);
			path = Profile;
			sourceTree = "<group>";
		};
		F3A4B1512A125E7100A2D6C2 /* SingleImage */ = {
			isa = PBXGroup;
			children = (
				F3A4B1522A125E7B00A2D6C2 /* SingleImageViewController.swift */,
			);
			path = SingleImage;
			sourceTree = "<group>";
		};
		F3A4B1542A13DA2100A2D6C2 /* Resources */ = {
			isa = PBXGroup;
			children = (
				F3A4B1582A13DAFF00A2D6C2 /* SF-Pro-Text-Bold.otf */,
				F3A4B1572A13DAF600A2D6C2 /* SF-Pro-Text-Regular.otf */,
				F375DDE429FBC1A300149A90 /* Assets.xcassets */,
			);
			path = Resources;
			sourceTree = "<group>";
		};
		F3C396292A1F88FE00D0DD2D /* Auth */ = {
			isa = PBXGroup;
			children = (
				F3E28D642A1FBA8B00E425F4 /* Models */,
				F3C3962A2A1F891100D0DD2D /* AuthViewController.swift */,
				F3E28D652A1FBAA100E425F4 /* OAuth2Service.swift */,
				F3E28D6B2A1FEE7900E425F4 /* OAuth2TokenStorage.swift */,
				F3C3962C2A1F8E2000D0DD2D /* WebViewViewController.swift */,
				F3E28D722A24D02400E425F4 /* AuthNavigationController.swift */,
			);
			path = Auth;
			sourceTree = "<group>";
		};
		F3E28D642A1FBA8B00E425F4 /* Models */ = {
			isa = PBXGroup;
			children = (
				F3E28D622A1FB88800E425F4 /* OAuthTokenResponseBody.swift */,
			);
			path = Models;
			sourceTree = "<group>";
		};
		F3E28D6D2A24B8C100E425F4 /* SplashScreen */ = {
			isa = PBXGroup;
			children = (
				F3E28D6E2A24B8D000E425F4 /* SplashViewController.swift */,
			);
			path = SplashScreen;
			sourceTree = "<group>";
		};
		F3F8731C29FECAA400B57F81 /* Helpers */ = {
			isa = PBXGroup;
			children = (
				F3F8731D29FECAB500B57F81 /* UIColor+Extensions.swift */,
				F34746B429FED9D600FC66FD /* UIImage+Extensions.swift */,
				F3E28D672A1FD9A500E425F4 /* URLRequest+Extensions.swift */,
				F3E28D692A1FE2FC00E425F4 /* URLSession+Extensions.swift */,
			);
			path = Helpers;
			sourceTree = "<group>";
		};
/* End PBXGroup section */

/* Begin PBXNativeTarget section */
		F375DDD729FBC1A200149A90 /* ImageFeed */ = {
			isa = PBXNativeTarget;
			buildConfigurationList = F375DDEC29FBC1A300149A90 /* Build configuration list for PBXNativeTarget "ImageFeed" */;
			buildPhases = (
				F375DDD429FBC1A200149A90 /* Sources */,
				F375DDD529FBC1A200149A90 /* Frameworks */,
				F375DDD629FBC1A200149A90 /* Resources */,
			);
			buildRules = (
			);
			dependencies = (
			);
			name = ImageFeed;
			productName = ImageFeed;
			productReference = F375DDD829FBC1A200149A90 /* ImageFeed.app */;
			productType = "com.apple.product-type.application";
		};
/* End PBXNativeTarget section */

/* Begin PBXProject section */
		F375DDD029FBC1A200149A90 /* Project object */ = {
			isa = PBXProject;
			attributes = {
				BuildIndependentTargetsInParallel = 1;
				LastSwiftUpdateCheck = 1430;
				LastUpgradeCheck = 1430;
				TargetAttributes = {
					F375DDD729FBC1A200149A90 = {
						CreatedOnToolsVersion = 14.3;
					};
				};
			};
			buildConfigurationList = F375DDD329FBC1A200149A90 /* Build configuration list for PBXProject "ImageFeed" */;
			compatibilityVersion = "Xcode 14.0";
			developmentRegion = en;
			hasScannedForEncodings = 0;
			knownRegions = (
				en,
				Base,
			);
			mainGroup = F375DDCF29FBC1A200149A90;
			productRefGroup = F375DDD929FBC1A200149A90 /* Products */;
			projectDirPath = "";
			projectRoot = "";
			targets = (
				F375DDD729FBC1A200149A90 /* ImageFeed */,
			);
		};
/* End PBXProject section */

/* Begin PBXResourcesBuildPhase section */
		F375DDD629FBC1A200149A90 /* Resources */ = {
			isa = PBXResourcesBuildPhase;
			buildActionMask = 2147483647;
			files = (
				F375DDE829FBC1A300149A90 /* LaunchScreen.storyboard in Resources */,
				F3A4B15A2A13DCAA00A2D6C2 /* SF-Pro-Text-Bold.otf in Resources */,
				F375DDE529FBC1A300149A90 /* Assets.xcassets in Resources */,
				F3A4B1592A13DCA800A2D6C2 /* SF-Pro-Text-Regular.otf in Resources */,
				F375DDE329FBC1A200149A90 /* Main.storyboard in Resources */,
			);
			runOnlyForDeploymentPostprocessing = 0;
		};
/* End PBXResourcesBuildPhase section */

/* Begin PBXSourcesBuildPhase section */
		F375DDD429FBC1A200149A90 /* Sources */ = {
			isa = PBXSourcesBuildPhase;
			buildActionMask = 2147483647;
			files = (
				F375DDE029FBC1A200149A90 /* ImagesListViewController.swift in Sources */,
				F3F8731E29FECAB500B57F81 /* UIColor+Extensions.swift in Sources */,
				F3E28D662A1FBAA100E425F4 /* OAuth2Service.swift in Sources */,
				F3E28D732A24D02400E425F4 /* AuthNavigationController.swift in Sources */,
				F3E28D6F2A24B8D000E425F4 /* SplashViewController.swift in Sources */,
				F3E28D632A1FB88800E425F4 /* OAuthTokenResponseBody.swift in Sources */,
				F3C3962B2A1F891100D0DD2D /* AuthViewController.swift in Sources */,
				F3E28D6A2A1FE2FC00E425F4 /* URLSession+Extensions.swift in Sources */,
				F34746B529FED9D600FC66FD /* UIImage+Extensions.swift in Sources */,
				F3C3962D2A1F8E2000D0DD2D /* WebViewViewController.swift in Sources */,
				F375DDDC29FBC1A200149A90 /* AppDelegate.swift in Sources */,
				F3A4B1502A124B8900A2D6C2 /* ProfileViewController.swift in Sources */,
				F375DDDE29FBC1A200149A90 /* SceneDelegate.swift in Sources */,
				F3A4B1532A125E7B00A2D6C2 /* SingleImageViewController.swift in Sources */,
				F3E28D6C2A1FEE7900E425F4 /* OAuth2TokenStorage.swift in Sources */,
				F3E28D682A1FD9A500E425F4 /* URLRequest+Extensions.swift in Sources */,
				F34746B629FEDC9D00FC66FD /* ImagesListCell.swift in Sources */,
				F3C396282A1F7C6200D0DD2D /* Constants.swift in Sources */,
			);
			runOnlyForDeploymentPostprocessing = 0;
		};
/* End PBXSourcesBuildPhase section */

/* Begin PBXVariantGroup section */
		F375DDE129FBC1A200149A90 /* Main.storyboard */ = {
			isa = PBXVariantGroup;
			children = (
				F375DDE229FBC1A200149A90 /* Base */,
			);
			name = Main.storyboard;
			sourceTree = "<group>";
		};
		F375DDE629FBC1A300149A90 /* LaunchScreen.storyboard */ = {
			isa = PBXVariantGroup;
			children = (
				F375DDE729FBC1A300149A90 /* Base */,
			);
			name = LaunchScreen.storyboard;
			sourceTree = "<group>";
		};
/* End PBXVariantGroup section */

/* Begin XCBuildConfiguration section */
		F375DDEA29FBC1A300149A90 /* Debug */ = {
			isa = XCBuildConfiguration;
			buildSettings = {
				ALWAYS_SEARCH_USER_PATHS = NO;
				CLANG_ANALYZER_NONNULL = YES;
				CLANG_ANALYZER_NUMBER_OBJECT_CONVERSION = YES_AGGRESSIVE;
				CLANG_CXX_LANGUAGE_STANDARD = "gnu++20";
				CLANG_ENABLE_MODULES = YES;
				CLANG_ENABLE_OBJC_ARC = YES;
				CLANG_ENABLE_OBJC_WEAK = YES;
				CLANG_WARN_BLOCK_CAPTURE_AUTORELEASING = YES;
				CLANG_WARN_BOOL_CONVERSION = YES;
				CLANG_WARN_COMMA = YES;
				CLANG_WARN_CONSTANT_CONVERSION = YES;
				CLANG_WARN_DEPRECATED_OBJC_IMPLEMENTATIONS = YES;
				CLANG_WARN_DIRECT_OBJC_ISA_USAGE = YES_ERROR;
				CLANG_WARN_DOCUMENTATION_COMMENTS = YES;
				CLANG_WARN_EMPTY_BODY = YES;
				CLANG_WARN_ENUM_CONVERSION = YES;
				CLANG_WARN_INFINITE_RECURSION = YES;
				CLANG_WARN_INT_CONVERSION = YES;
				CLANG_WARN_NON_LITERAL_NULL_CONVERSION = YES;
				CLANG_WARN_OBJC_IMPLICIT_RETAIN_SELF = YES;
				CLANG_WARN_OBJC_LITERAL_CONVERSION = YES;
				CLANG_WARN_OBJC_ROOT_CLASS = YES_ERROR;
				CLANG_WARN_QUOTED_INCLUDE_IN_FRAMEWORK_HEADER = YES;
				CLANG_WARN_RANGE_LOOP_ANALYSIS = YES;
				CLANG_WARN_STRICT_PROTOTYPES = YES;
				CLANG_WARN_SUSPICIOUS_MOVE = YES;
				CLANG_WARN_UNGUARDED_AVAILABILITY = YES_AGGRESSIVE;
				CLANG_WARN_UNREACHABLE_CODE = YES;
				CLANG_WARN__DUPLICATE_METHOD_MATCH = YES;
				COPY_PHASE_STRIP = NO;
				DEBUG_INFORMATION_FORMAT = dwarf;
				ENABLE_STRICT_OBJC_MSGSEND = YES;
				ENABLE_TESTABILITY = YES;
				GCC_C_LANGUAGE_STANDARD = gnu11;
				GCC_DYNAMIC_NO_PIC = NO;
				GCC_NO_COMMON_BLOCKS = YES;
				GCC_OPTIMIZATION_LEVEL = 0;
				GCC_PREPROCESSOR_DEFINITIONS = (
					"DEBUG=1",
					"$(inherited)",
				);
				GCC_WARN_64_TO_32_BIT_CONVERSION = YES;
				GCC_WARN_ABOUT_RETURN_TYPE = YES_ERROR;
				GCC_WARN_UNDECLARED_SELECTOR = YES;
				GCC_WARN_UNINITIALIZED_AUTOS = YES_AGGRESSIVE;
				GCC_WARN_UNUSED_FUNCTION = YES;
				GCC_WARN_UNUSED_VARIABLE = YES;
				IPHONEOS_DEPLOYMENT_TARGET = 16.4;
				MTL_ENABLE_DEBUG_INFO = INCLUDE_SOURCE;
				MTL_FAST_MATH = YES;
				ONLY_ACTIVE_ARCH = YES;
				SDKROOT = iphoneos;
				SWIFT_ACTIVE_COMPILATION_CONDITIONS = DEBUG;
				SWIFT_OPTIMIZATION_LEVEL = "-Onone";
			};
			name = Debug;
		};
		F375DDEB29FBC1A300149A90 /* Release */ = {
			isa = XCBuildConfiguration;
			buildSettings = {
				ALWAYS_SEARCH_USER_PATHS = NO;
				CLANG_ANALYZER_NONNULL = YES;
				CLANG_ANALYZER_NUMBER_OBJECT_CONVERSION = YES_AGGRESSIVE;
				CLANG_CXX_LANGUAGE_STANDARD = "gnu++20";
				CLANG_ENABLE_MODULES = YES;
				CLANG_ENABLE_OBJC_ARC = YES;
				CLANG_ENABLE_OBJC_WEAK = YES;
				CLANG_WARN_BLOCK_CAPTURE_AUTORELEASING = YES;
				CLANG_WARN_BOOL_CONVERSION = YES;
				CLANG_WARN_COMMA = YES;
				CLANG_WARN_CONSTANT_CONVERSION = YES;
				CLANG_WARN_DEPRECATED_OBJC_IMPLEMENTATIONS = YES;
				CLANG_WARN_DIRECT_OBJC_ISA_USAGE = YES_ERROR;
				CLANG_WARN_DOCUMENTATION_COMMENTS = YES;
				CLANG_WARN_EMPTY_BODY = YES;
				CLANG_WARN_ENUM_CONVERSION = YES;
				CLANG_WARN_INFINITE_RECURSION = YES;
				CLANG_WARN_INT_CONVERSION = YES;
				CLANG_WARN_NON_LITERAL_NULL_CONVERSION = YES;
				CLANG_WARN_OBJC_IMPLICIT_RETAIN_SELF = YES;
				CLANG_WARN_OBJC_LITERAL_CONVERSION = YES;
				CLANG_WARN_OBJC_ROOT_CLASS = YES_ERROR;
				CLANG_WARN_QUOTED_INCLUDE_IN_FRAMEWORK_HEADER = YES;
				CLANG_WARN_RANGE_LOOP_ANALYSIS = YES;
				CLANG_WARN_STRICT_PROTOTYPES = YES;
				CLANG_WARN_SUSPICIOUS_MOVE = YES;
				CLANG_WARN_UNGUARDED_AVAILABILITY = YES_AGGRESSIVE;
				CLANG_WARN_UNREACHABLE_CODE = YES;
				CLANG_WARN__DUPLICATE_METHOD_MATCH = YES;
				COPY_PHASE_STRIP = NO;
				DEBUG_INFORMATION_FORMAT = "dwarf-with-dsym";
				ENABLE_NS_ASSERTIONS = NO;
				ENABLE_STRICT_OBJC_MSGSEND = YES;
				GCC_C_LANGUAGE_STANDARD = gnu11;
				GCC_NO_COMMON_BLOCKS = YES;
				GCC_WARN_64_TO_32_BIT_CONVERSION = YES;
				GCC_WARN_ABOUT_RETURN_TYPE = YES_ERROR;
				GCC_WARN_UNDECLARED_SELECTOR = YES;
				GCC_WARN_UNINITIALIZED_AUTOS = YES_AGGRESSIVE;
				GCC_WARN_UNUSED_FUNCTION = YES;
				GCC_WARN_UNUSED_VARIABLE = YES;
				IPHONEOS_DEPLOYMENT_TARGET = 16.4;
				MTL_ENABLE_DEBUG_INFO = NO;
				MTL_FAST_MATH = YES;
				SDKROOT = iphoneos;
				SWIFT_COMPILATION_MODE = wholemodule;
				SWIFT_OPTIMIZATION_LEVEL = "-O";
				VALIDATE_PRODUCT = YES;
			};
			name = Release;
		};
		F375DDED29FBC1A300149A90 /* Debug */ = {
			isa = XCBuildConfiguration;
			buildSettings = {
				ASSETCATALOG_COMPILER_APPICON_NAME = AppIcon;
				ASSETCATALOG_COMPILER_GLOBAL_ACCENT_COLOR_NAME = AccentColor;
				CODE_SIGN_STYLE = Automatic;
				CURRENT_PROJECT_VERSION = 1;
				DEVELOPMENT_TEAM = 3CS9T7BB6F;
				GENERATE_INFOPLIST_FILE = YES;
				INFOPLIST_FILE = ImageFeed/Info.plist;
				INFOPLIST_KEY_UIApplicationSupportsIndirectInputEvents = YES;
				INFOPLIST_KEY_UILaunchStoryboardName = LaunchScreen.storyboard;
				INFOPLIST_KEY_UIMainStoryboardFile = Main;
				INFOPLIST_KEY_UIStatusBarStyle = "";
				INFOPLIST_KEY_UISupportedInterfaceOrientations = UIInterfaceOrientationPortrait;
				INFOPLIST_KEY_UISupportedInterfaceOrientations_iPad = "UIInterfaceOrientationLandscapeLeft UIInterfaceOrientationLandscapeRight UIInterfaceOrientationPortrait UIInterfaceOrientationPortraitUpsideDown";
				IPHONEOS_DEPLOYMENT_TARGET = 13.0;
				LD_RUNPATH_SEARCH_PATHS = (
					"$(inherited)",
					"@executable_path/Frameworks",
				);
				MARKETING_VERSION = 1.0;
				PRODUCT_BUNDLE_IDENTIFIER = com.fanem.ImageFeed;
				PRODUCT_NAME = "$(TARGET_NAME)";
				SUPPORTED_PLATFORMS = "iphoneos iphonesimulator";
				SUPPORTS_MACCATALYST = NO;
				SUPPORTS_MAC_DESIGNED_FOR_IPHONE_IPAD = NO;
				SWIFT_EMIT_LOC_STRINGS = YES;
				SWIFT_VERSION = 5.0;
				TARGETED_DEVICE_FAMILY = 1;
			};
			name = Debug;
		};
		F375DDEE29FBC1A300149A90 /* Release */ = {
			isa = XCBuildConfiguration;
			buildSettings = {
				ASSETCATALOG_COMPILER_APPICON_NAME = AppIcon;
				ASSETCATALOG_COMPILER_GLOBAL_ACCENT_COLOR_NAME = AccentColor;
				CODE_SIGN_STYLE = Automatic;
				CURRENT_PROJECT_VERSION = 1;
				DEVELOPMENT_TEAM = 3CS9T7BB6F;
				GENERATE_INFOPLIST_FILE = YES;
				INFOPLIST_FILE = ImageFeed/Info.plist;
				INFOPLIST_KEY_UIApplicationSupportsIndirectInputEvents = YES;
				INFOPLIST_KEY_UILaunchStoryboardName = LaunchScreen.storyboard;
				INFOPLIST_KEY_UIMainStoryboardFile = Main;
				INFOPLIST_KEY_UIStatusBarStyle = "";
				INFOPLIST_KEY_UISupportedInterfaceOrientations = UIInterfaceOrientationPortrait;
				INFOPLIST_KEY_UISupportedInterfaceOrientations_iPad = "UIInterfaceOrientationLandscapeLeft UIInterfaceOrientationLandscapeRight UIInterfaceOrientationPortrait UIInterfaceOrientationPortraitUpsideDown";
				IPHONEOS_DEPLOYMENT_TARGET = 13.0;
				LD_RUNPATH_SEARCH_PATHS = (
					"$(inherited)",
					"@executable_path/Frameworks",
				);
				MARKETING_VERSION = 1.0;
				PRODUCT_BUNDLE_IDENTIFIER = com.fanem.ImageFeed;
				PRODUCT_NAME = "$(TARGET_NAME)";
				SUPPORTED_PLATFORMS = "iphoneos iphonesimulator";
				SUPPORTS_MACCATALYST = NO;
				SUPPORTS_MAC_DESIGNED_FOR_IPHONE_IPAD = NO;
				SWIFT_EMIT_LOC_STRINGS = YES;
				SWIFT_VERSION = 5.0;
				TARGETED_DEVICE_FAMILY = 1;
			};
			name = Release;
		};
/* End XCBuildConfiguration section */

/* Begin XCConfigurationList section */
		F375DDD329FBC1A200149A90 /* Build configuration list for PBXProject "ImageFeed" */ = {
			isa = XCConfigurationList;
			buildConfigurations = (
				F375DDEA29FBC1A300149A90 /* Debug */,
				F375DDEB29FBC1A300149A90 /* Release */,
			);
			defaultConfigurationIsVisible = 0;
			defaultConfigurationName = Release;
		};
		F375DDEC29FBC1A300149A90 /* Build configuration list for PBXNativeTarget "ImageFeed" */ = {
			isa = XCConfigurationList;
			buildConfigurations = (
				F375DDED29FBC1A300149A90 /* Debug */,
				F375DDEE29FBC1A300149A90 /* Release */,
			);
			defaultConfigurationIsVisible = 0;
			defaultConfigurationName = Release;
		};
/* End XCConfigurationList section */
	};
	rootObject = F375DDD029FBC1A200149A90 /* Project object */;
}
